# Generated by buf. DO NOT EDIT.
version: v1
deps:
  - remote: buf.build
    owner: bufbuild
    repository: protovalidate
    commit: f05a6f4403ce4327bae4f50f281c3ed0
    digest: shake256:668a0661b8df44d41839194896329330965fc215f3d2f88057fd60eeb759c2daf6cc6edfdd13b2a653d49fe2896ebedcb1a33c4c5b2dd10919f03ffb7fc52ae6
  - remote: buf.build
    owner: liberetech
    repository: protoc-gen-bq-schema
    commit: 30f1288484d442c78a00ec5992a20c22
    digest: shake256:f7399b0da0e5e30f60aab5703c37ecd61cabf144bbc7f3607190b0d002d32707418c5ec710fc5b5422ff1b6c6a9413ab044e6012e6ec076df90ff4c48b196a92
